<?xml version="1.0" encoding="utf-8"?>
<Project ToolsVersion="4.0" xmlns="http://schemas.microsoft.com/developer/msbuild/2003">
  <ItemGroup>
    <Filter Include="Fichiers de ressources">
      <UniqueIdentifier>{67DA6AB6-F800-4c08-8B7A-83BB121AAD01}</UniqueIdentifier>
      <Extensions>rc;ico;cur;bmp;dlg;rc2;rct;bin;rgs;gif;jpg;jpeg;jpe;resx;tiff;tif;png;wav;mfcribbon-ms</Extensions>
    </Filter>
    <Filter Include="shaders">
      <UniqueIdentifier>{3fb14638-fe08-4911-9322-85bfbb5a28a1}</UniqueIdentifier>
    </Filter>
    <Filter Include="objects">
      <UniqueIdentifier>{927d5ed7-1ec5-41a0-a0e3-61cae2b03d8d}</UniqueIdentifier>
    </Filter>
    <Filter Include="model">
      <UniqueIdentifier>{14016dc5-cfbb-4052-b5d1-7a37066e020b}</UniqueIdentifier>
    </Filter>
    <Filter Include="base">
      <UniqueIdentifier>{ab9730ba-1978-4a69-9614-0cb4e1a321fd}</UniqueIdentifier>
    </Filter>
    <Filter Include="render">
      <UniqueIdentifier>{5bf50b9e-6539-4c58-af42-1fb964733756}</UniqueIdentifier>
    </Filter>
  </ItemGroup>
  <ItemGroup>
    <ClCompile Include="external\basisu\transcoder\basisu_transcoder.cpp">
      <Filter>Fichiers de ressources</Filter>
    </ClCompile>
    <ClCompile Include="external\basisu\zstd\zstd.c">
      <Filter>Fichiers de ressources</Filter>
    </ClCompile>
    <ClCompile Include="external\imgui-master\backends\imgui_impl_vulkan.cpp">
      <Filter>Fichiers de ressources</Filter>
    </ClCompile>
    <ClCompile Include="external\imgui-master\backends\imgui_impl_glfw.cpp">
      <Filter>Fichiers de ressources</Filter>
    </ClCompile>
    <ClCompile Include="external\imgui-master\imgui.cpp">
      <Filter>Fichiers de ressources</Filter>
    </ClCompile>
    <ClCompile Include="external\imgui-master\imgui_tables.cpp">
      <Filter>Fichiers de ressources</Filter>
    </ClCompile>
    <ClCompile Include="external\imgui-master\imgui_demo.cpp">
      <Filter>Fichiers de ressources</Filter>
    </ClCompile>
    <ClCompile Include="external\imgui-master\imgui_draw.cpp">
      <Filter>Fichiers de ressources</Filter>
    </ClCompile>
    <ClCompile Include="external\imgui-master\imgui_widgets.cpp">
      <Filter>Fichiers de ressources</Filter>
    </ClCompile>
    <ClCompile Include="src\objects\BasicUI.cpp">
      <Filter>objects</Filter>
    </ClCompile>
    <ClCompile Include="src\objects\GameObject.cpp">
      <Filter>objects</Filter>
    </ClCompile>
    <ClCompile Include="src\objects\KeyboardMovementController.cpp">
      <Filter>objects</Filter>
    </ClCompile>
    <ClCompile Include="src\objects\objectManager.cpp">
      <Filter>objects</Filter>
    </ClCompile>
    <ClCompile Include="src\objects\Texture.cpp">
      <Filter>objects</Filter>
    </ClCompile>
    <ClCompile Include="src\model\GlTFModel.cpp">
      <Filter>model</Filter>
    </ClCompile>
    <ClCompile Include="src\model\Model.cpp">
      <Filter>model</Filter>
    </ClCompile>
    <ClCompile Include="src\model\preBuild.cpp">
      <Filter>model</Filter>
    </ClCompile>
    <ClCompile Include="src\base\Buffer.cpp">
      <Filter>base</Filter>
    </ClCompile>
    <ClCompile Include="src\base\depthSwapChain.cpp">
      <Filter>base</Filter>
    </ClCompile>
    <ClCompile Include="src\base\descriptors.cpp">
      <Filter>base</Filter>
    </ClCompile>
    <ClCompile Include="src\base\Device.cpp">
      <Filter>base</Filter>
    </ClCompile>
    <ClCompile Include="src\base\Pipeline.cpp">
      <Filter>base</Filter>
    </ClCompile>
    <ClCompile Include="src\base\Swap_chain.cpp">
      <Filter>base</Filter>
    </ClCompile>
    <ClCompile Include="src\render\Camera.cpp">
      <Filter>render</Filter>
    </ClCompile>
    <ClCompile Include="src\render\GlobalRenderSystem.cpp">
      <Filter>render</Filter>
    </ClCompile>
    <ClCompile Include="src\render\Renderer.cpp">
      <Filter>render</Filter>
    </ClCompile>
    <ClCompile Include="src\render\TextOverlay.cpp">
      <Filter>render</Filter>
    </ClCompile>
    <ClCompile Include="src\App.cpp" />
    <ClCompile Include="src\main.cpp" />
    <ClCompile Include="src\base\Window.cpp">
      <Filter>base</Filter>
    </ClCompile>
  </ItemGroup>
  <ItemGroup>
    <ClInclude Include="json.hpp">
      <Filter>Fichiers de ressources</Filter>
    </ClInclude>
    <ClInclude Include="tiny_gltf.h">
      <Filter>Fichiers de ressources</Filter>
    </ClInclude>
    <ClInclude Include="src\objects\BasicUI.h">
      <Filter>objects</Filter>
    </ClInclude>
    <ClInclude Include="src\objects\GameObject.h">
      <Filter>objects</Filter>
    </ClInclude>
    <ClInclude Include="src\objects\KeyboardMovementController.h">
      <Filter>objects</Filter>
    </ClInclude>
    <ClInclude Include="src\objects\objectManager.h">
      <Filter>objects</Filter>
    </ClInclude>
    <ClInclude Include="src\objects\Texture.h">
      <Filter>objects</Filter>
    </ClInclude>
    <ClInclude Include="src\model\GlTFModel.h">
      <Filter>model</Filter>
    </ClInclude>
    <ClInclude Include="src\model\Model.h">
      <Filter>model</Filter>
    </ClInclude>
    <ClInclude Include="src\model\preBuild.h">
      <Filter>model</Filter>
    </ClInclude>
    <ClInclude Include="src\base\Buffer.h">
      <Filter>base</Filter>
    </ClInclude>
    <ClInclude Include="src\base\depthSwapChain.h">
      <Filter>base</Filter>
    </ClInclude>
    <ClInclude Include="src\base\descriptors.h">
      <Filter>base</Filter>
    </ClInclude>
    <ClInclude Include="src\base\Device.h">
      <Filter>base</Filter>
    </ClInclude>
    <ClInclude Include="src\base\Frame_info.h">
      <Filter>base</Filter>
    </ClInclude>
    <ClInclude Include="src\base\Pipeline.h">
      <Filter>base</Filter>
    </ClInclude>
    <ClInclude Include="src\base\Swap_chain.h">
      <Filter>base</Filter>
    </ClInclude>
    <ClInclude Include="src\base\Utils.h">
      <Filter>base</Filter>
    </ClInclude>
    <ClInclude Include="src\render\Camera.h">
      <Filter>render</Filter>
    </ClInclude>
    <ClInclude Include="src\render\GlobalRenderSystem.h">
      <Filter>render</Filter>
    </ClInclude>
    <ClInclude Include="src\render\Renderer.h">
      <Filter>render</Filter>
    </ClInclude>
    <ClInclude Include="src\render\TextOverlay.h">
      <Filter>render</Filter>
    </ClInclude>
    <ClInclude Include="src\App.h" />
    <ClInclude Include="src\base\Window.h">
      <Filter>base</Filter>
    </ClInclude>
  </ItemGroup>
  <ItemGroup>
    <None Include="shaders\compile.bat">
      <Filter>shaders</Filter>
    </None>
    <None Include="shaders\depthView.frag">
      <Filter>shaders</Filter>
    </None>
    <None Include="shaders\depthView.vert">
      <Filter>shaders</Filter>
    </None>
    <None Include="shaders\GlTFshader.frag">
      <Filter>shaders</Filter>
    </None>
    <None Include="shaders\GlTFshader.vert">
      <Filter>shaders</Filter>
    </None>
    <None Include="shaders\point_light.frag">
      <Filter>shaders</Filter>
    </None>
    <None Include="shaders\point_light.vert">
      <Filter>shaders</Filter>
    </None>
    <None Include="shaders\shadowmap.vert">
      <Filter>shaders</Filter>
    </None>
    <None Include="shaders\shadowmapgltf.vert">
      <Filter>shaders</Filter>
    </None>
    <None Include="shaders\simple_shader.frag">
      <Filter>shaders</Filter>
    </None>
    <None Include="shaders\simple_shader.vert">
      <Filter>shaders</Filter>
    </None>
    <None Include="shaders\text.frag">
      <Filter>shaders</Filter>
    </None>
    <None Include="shaders\text.vert">
      <Filter>shaders</Filter>
    </None>
    <None Include="skybox.vert">
      <Filter>shaders</Filter>
    </None>
    <None Include="skybox.frag">
      <Filter>shaders</Filter>
    </None>
  </ItemGroup>
</Project>