<?xml version="1.0" encoding="utf-8"?>
<Project ToolsVersion="4.0" xmlns="http://schemas.microsoft.com/developer/msbuild/2003">
  <ItemGroup>
    <Filter Include="Fichiers de ressources">
      <UniqueIdentifier>{67DA6AB6-F800-4c08-8B7A-83BB121AAD01}</UniqueIdentifier>
      <Extensions>rc;ico;cur;bmp;dlg;rc2;rct;bin;rgs;gif;jpg;jpeg;jpe;resx;tiff;tif;png;wav;mfcribbon-ms</Extensions>
    </Filter>
    <Filter Include="shaders">
      <UniqueIdentifier>{3fb14638-fe08-4911-9322-85bfbb5a28a1}</UniqueIdentifier>
    </Filter>
    <Filter Include="objects">
      <UniqueIdentifier>{927d5ed7-1ec5-41a0-a0e3-61cae2b03d8d}</UniqueIdentifier>
    </Filter>
    <Filter Include="model">
      <UniqueIdentifier>{14016dc5-cfbb-4052-b5d1-7a37066e020b}</UniqueIdentifier>
    </Filter>
    <Filter Include="base">
      <UniqueIdentifier>{ab9730ba-1978-4a69-9614-0cb4e1a321fd}</UniqueIdentifier>
    </Filter>
    <Filter Include="render">
      <UniqueIdentifier>{5bf50b9e-6539-4c58-af42-1fb964733756}</UniqueIdentifier>
    </Filter>
    <Filter Include="GameObjectClassAssets">
      <UniqueIdentifier>{9b2807f5-ae6a-4571-b71c-f0ea345f4d71}</UniqueIdentifier>
    </Filter>
    <Filter Include="textures">
      <UniqueIdentifier>{21b7c67e-89bc-4793-9371-0cf751107dfb}</UniqueIdentifier>
    </Filter>
    <Filter Include="textures\Decoder">
      <UniqueIdentifier>{7d99d3eb-f7e3-4108-a225-779a731569ff}</UniqueIdentifier>
    </Filter>
    <Filter Include="assetManager">
      <UniqueIdentifier>{78d2fc85-aecb-4b33-991f-1c5fe001a1e3}</UniqueIdentifier>
    </Filter>
    <Filter Include="model\Decoder">
      <UniqueIdentifier>{de7e5e24-7007-4d10-bcdd-af5c4ca41742}</UniqueIdentifier>
    </Filter>
    <Filter Include="model\Vertex">
      <UniqueIdentifier>{76204f5b-a765-4e44-a8c3-a2f0257e41f5}</UniqueIdentifier>
    </Filter>
    <Filter Include="render\RenderPasses">
      <UniqueIdentifier>{ef8799bc-e935-4c91-be9b-5ef8501fbb95}</UniqueIdentifier>
    </Filter>
  </ItemGroup>
  <ItemGroup>
    <ClCompile Include="external\basisu\transcoder\basisu_transcoder.cpp">
      <Filter>Fichiers de ressources</Filter>
    </ClCompile>
    <ClCompile Include="external\basisu\zstd\zstd.c">
      <Filter>Fichiers de ressources</Filter>
    </ClCompile>
    <ClCompile Include="external\imgui-master\backends\imgui_impl_vulkan.cpp">
      <Filter>Fichiers de ressources</Filter>
    </ClCompile>
    <ClCompile Include="external\imgui-master\backends\imgui_impl_glfw.cpp">
      <Filter>Fichiers de ressources</Filter>
    </ClCompile>
    <ClCompile Include="external\imgui-master\imgui.cpp">
      <Filter>Fichiers de ressources</Filter>
    </ClCompile>
    <ClCompile Include="external\imgui-master\imgui_tables.cpp">
      <Filter>Fichiers de ressources</Filter>
    </ClCompile>
    <ClCompile Include="external\imgui-master\imgui_demo.cpp">
      <Filter>Fichiers de ressources</Filter>
    </ClCompile>
    <ClCompile Include="external\imgui-master\imgui_draw.cpp">
      <Filter>Fichiers de ressources</Filter>
    </ClCompile>
    <ClCompile Include="external\imgui-master\imgui_widgets.cpp">
      <Filter>Fichiers de ressources</Filter>
    </ClCompile>
    <ClCompile Include="src\objects\BasicUI.cpp">
      <Filter>objects</Filter>
    </ClCompile>
    <ClCompile Include="src\objects\GameObject.cpp">
      <Filter>objects</Filter>
    </ClCompile>
    <ClCompile Include="src\objects\KeyboardMovementController.cpp">
      <Filter>objects</Filter>
    </ClCompile>
    <ClCompile Include="src\objects\objectManager.cpp">
      <Filter>objects</Filter>
    </ClCompile>
    <ClCompile Include="src\model\GlTFModel.cpp">
      <Filter>model</Filter>
    </ClCompile>
    <ClCompile Include="src\model\Model.cpp">
      <Filter>model</Filter>
    </ClCompile>
    <ClCompile Include="src\model\preBuild.cpp">
      <Filter>model</Filter>
    </ClCompile>
    <ClCompile Include="src\base\Buffer.cpp">
      <Filter>base</Filter>
    </ClCompile>
    <ClCompile Include="src\base\descriptors.cpp">
      <Filter>base</Filter>
    </ClCompile>
    <ClCompile Include="src\base\Device.cpp">
      <Filter>base</Filter>
    </ClCompile>
    <ClCompile Include="src\base\Pipeline.cpp">
      <Filter>base</Filter>
    </ClCompile>
    <ClCompile Include="src\base\Swap_chain.cpp">
      <Filter>base</Filter>
    </ClCompile>
    <ClCompile Include="src\render\Camera.cpp">
      <Filter>render</Filter>
    </ClCompile>
    <ClCompile Include="src\render\RenderSystem.cpp">
      <Filter>render</Filter>
    </ClCompile>
    <ClCompile Include="src\render\Renderer.cpp">
      <Filter>render</Filter>
    </ClCompile>
    <ClCompile Include="src\render\TextOverlay.cpp">
      <Filter>render</Filter>
    </ClCompile>
    <ClCompile Include="src\Engine.cpp" />
    <ClCompile Include="src\main.cpp" />
    <ClCompile Include="src\base\Window.cpp">
      <Filter>base</Filter>
    </ClCompile>
    <ClCompile Include="src\GameObjectClassAssets\TerrainGenerator.cpp">
      <Filter>GameObjectClassAssets</Filter>
    </ClCompile>
    <ClCompile Include="external\nativefiledialog-master\src\nfd_common.c">
      <Filter>Fichiers de ressources</Filter>
    </ClCompile>
    <ClCompile Include="external\nativefiledialog-master\src\nfd_win.cpp">
      <Filter>Fichiers de ressources</Filter>
    </ClCompile>
    <ClCompile Include="src\base\SecondarySwapchain.cpp">
      <Filter>base</Filter>
    </ClCompile>
    <ClCompile Include="src\base\SingleRenderSwap.cpp">
      <Filter>base</Filter>
    </ClCompile>
    <ClCompile Include="src\GameObjectClassAssets\finiteSizedTerrainGeneration.cpp">
      <Filter>GameObjectClassAssets</Filter>
    </ClCompile>
    <ClCompile Include="src\GameObjectClassAssets\ChunkManager.cpp">
      <Filter>GameObjectClassAssets</Filter>
    </ClCompile>
    <ClCompile Include="src\Textures\TextureLoader.cpp">
      <Filter>textures</Filter>
    </ClCompile>
    <ClCompile Include="src\Textures\TextureUploader.cpp">
      <Filter>textures</Filter>
    </ClCompile>
    <ClCompile Include="src\Textures\TextureObject.cpp">
      <Filter>textures</Filter>
    </ClCompile>
    <ClCompile Include="src\Textures\Decoder\HDRDecoder.cpp">
      <Filter>textures\Decoder</Filter>
    </ClCompile>
    <ClCompile Include="src\Textures\Decoder\KTX2Decoder.cpp">
      <Filter>textures\Decoder</Filter>
    </ClCompile>
    <ClCompile Include="src\Textures\Decoder\STBDecoder.cpp">
      <Filter>textures\Decoder</Filter>
    </ClCompile>
    <ClCompile Include="src\Textures\TextureBuilder.cpp">
      <Filter>textures</Filter>
    </ClCompile>
    <ClCompile Include="src\Textures\Decoder\KTXDecoder.cpp">
      <Filter>textures\Decoder</Filter>
    </ClCompile>
    <ClCompile Include="src\objects\GameObjectRegistry.cpp">
      <Filter>objects</Filter>
    </ClCompile>
    <ClCompile Include="src\assetManager\TextureManager.cpp">
      <Filter>assetManager</Filter>
    </ClCompile>
    <ClCompile Include="src\assetManager\ModelManager.cpp">
      <Filter>assetManager</Filter>
    </ClCompile>
    <ClCompile Include="src\model\Decoder\ObjModelDecoder.cpp">
      <Filter>model\Decoder</Filter>
    </ClCompile>
    <ClCompile Include="src\model\ModelBuilder.cpp">
      <Filter>model</Filter>
    </ClCompile>
    <ClCompile Include="src\model\ModelUploader.cpp">
      <Filter>model</Filter>
    </ClCompile>
    <ClCompile Include="src\model\Vertex\ObjVertexData.cpp">
      <Filter>model\Vertex</Filter>
    </ClCompile>
    <ClCompile Include="src\render\PassTarget.cpp">
      <Filter>render</Filter>
    </ClCompile>
    <ClCompile Include="src\render\FrameRenderer.cpp">
      <Filter>render</Filter>
    </ClCompile>
    <ClCompile Include="src\render\RenderPasses\ColorPass.cpp">
      <Filter>render\RenderPasses</Filter>
    </ClCompile>
    <ClCompile Include="src\render\RenderPasses\DepthPass.cpp">
      <Filter>render\RenderPasses</Filter>
    </ClCompile>
    <ClCompile Include="src\render\RenderPasses\PostProPass.cpp">
      <Filter>render\RenderPasses</Filter>
    </ClCompile>
    <ClCompile Include="src\base\ComputePipeline.cpp">
      <Filter>base</Filter>
    </ClCompile>
  </ItemGroup>
  <ItemGroup>
    <ClInclude Include="tiny_gltf.h">
      <Filter>Fichiers de ressources</Filter>
    </ClInclude>
    <ClInclude Include="src\objects\BasicUI.h">
      <Filter>objects</Filter>
    </ClInclude>
    <ClInclude Include="src\objects\GameObject.h">
      <Filter>objects</Filter>
    </ClInclude>
    <ClInclude Include="src\objects\KeyboardMovementController.h">
      <Filter>objects</Filter>
    </ClInclude>
    <ClInclude Include="src\objects\objectManager.h">
      <Filter>objects</Filter>
    </ClInclude>
    <ClInclude Include="src\model\GlTFModel.h">
      <Filter>model</Filter>
    </ClInclude>
    <ClInclude Include="src\model\Model.h">
      <Filter>model</Filter>
    </ClInclude>
    <ClInclude Include="src\model\preBuild.h">
      <Filter>model</Filter>
    </ClInclude>
    <ClInclude Include="src\base\Buffer.h">
      <Filter>base</Filter>
    </ClInclude>
    <ClInclude Include="src\base\descriptors.h">
      <Filter>base</Filter>
    </ClInclude>
    <ClInclude Include="src\base\Device.h">
      <Filter>base</Filter>
    </ClInclude>
    <ClInclude Include="src\base\Frame_info.h">
      <Filter>base</Filter>
    </ClInclude>
    <ClInclude Include="src\base\Pipeline.h">
      <Filter>base</Filter>
    </ClInclude>
    <ClInclude Include="src\base\Swap_chain.h">
      <Filter>base</Filter>
    </ClInclude>
    <ClInclude Include="src\base\Utils.h">
      <Filter>base</Filter>
    </ClInclude>
    <ClInclude Include="src\render\Camera.h">
      <Filter>render</Filter>
    </ClInclude>
    <ClInclude Include="src\render\RenderSystem.h">
      <Filter>render</Filter>
    </ClInclude>
    <ClInclude Include="src\render\Renderer.h">
      <Filter>render</Filter>
    </ClInclude>
    <ClInclude Include="src\render\TextOverlay.h">
      <Filter>render</Filter>
    </ClInclude>
    <ClInclude Include="src\Engine.h" />
    <ClInclude Include="src\base\Window.h">
      <Filter>base</Filter>
    </ClInclude>
    <ClInclude Include="src\base\PerlinNoise.h">
      <Filter>base</Filter>
    </ClInclude>
    <ClInclude Include="src\base\VoronoiNoise.h">
      <Filter>base</Filter>
    </ClInclude>
    <ClInclude Include="src\GameObjectClassAssets\test.h">
      <Filter>GameObjectClassAssets</Filter>
    </ClInclude>
    <ClInclude Include="src\GameObjectClassAssets\TerrainGenerator.h">
      <Filter>GameObjectClassAssets</Filter>
    </ClInclude>
    <ClInclude Include="src\GameObjectClassAssets\mainLightBehavior.h">
      <Filter>GameObjectClassAssets</Filter>
    </ClInclude>
    <ClInclude Include="external\json.hpp">
      <Filter>Fichiers de ressources</Filter>
    </ClInclude>
    <ClInclude Include="external\nativefiledialog-master\src\include\nfd.h">
      <Filter>Fichiers de ressources</Filter>
    </ClInclude>
    <ClInclude Include="external\nativefiledialog-master\src\nfd_common.h">
      <Filter>Fichiers de ressources</Filter>
    </ClInclude>
    <ClInclude Include="external\nativefiledialog-master\src\simple_exec.h">
      <Filter>Fichiers de ressources</Filter>
    </ClInclude>
    <ClInclude Include="src\base\SecondarySwapchain.h">
      <Filter>base</Filter>
    </ClInclude>
    <ClInclude Include="src\base\SingleRenderSwap.h">
      <Filter>base</Filter>
    </ClInclude>
    <ClInclude Include="src\base\FrameRateCounter.h" />
    <ClInclude Include="src\model\BoundingBox.h">
      <Filter>model</Filter>
    </ClInclude>
    <ClInclude Include="src\GameObjectClassAssets\finiteSizedTerrainGeneration.h">
      <Filter>GameObjectClassAssets</Filter>
    </ClInclude>
    <ClInclude Include="src\GameObjectClassAssets\ChunkManager.h">
      <Filter>GameObjectClassAssets</Filter>
    </ClInclude>
    <ClInclude Include="src\Textures\TextureLoader.h">
      <Filter>textures</Filter>
    </ClInclude>
    <ClInclude Include="src\Textures\TextureUploader.h">
      <Filter>textures</Filter>
    </ClInclude>
    <ClInclude Include="src\Textures\TextureObject.h">
      <Filter>textures</Filter>
    </ClInclude>
    <ClInclude Include="src\Textures\Decoder\HDRDecoder.h">
      <Filter>textures\Decoder</Filter>
    </ClInclude>
    <ClInclude Include="src\Textures\Decoder\ImageDecoder.h">
      <Filter>textures\Decoder</Filter>
    </ClInclude>
    <ClInclude Include="src\Textures\Decoder\KTX2Decoder.h">
      <Filter>textures\Decoder</Filter>
    </ClInclude>
    <ClInclude Include="src\Textures\Decoder\STBDecoder.h">
      <Filter>textures\Decoder</Filter>
    </ClInclude>
    <ClInclude Include="src\Textures\TextureBuilder.h">
      <Filter>textures</Filter>
    </ClInclude>
    <ClInclude Include="src\Textures\Decoder\KTXDecoder.h">
      <Filter>textures\Decoder</Filter>
    </ClInclude>
    <ClInclude Include="src\objects\GameObjectRegistry.h">
      <Filter>objects</Filter>
    </ClInclude>
    <ClInclude Include="src\assetManager\AssetManager.h">
      <Filter>assetManager</Filter>
    </ClInclude>
    <ClInclude Include="src\assetManager\TextureManager.h">
      <Filter>assetManager</Filter>
    </ClInclude>
    <ClInclude Include="src\assetManager\ModelManager.h">
      <Filter>assetManager</Filter>
    </ClInclude>
    <ClInclude Include="src\model\ModelBuilder.h">
      <Filter>model</Filter>
    </ClInclude>
    <ClInclude Include="src\model\ModelAsset.h">
      <Filter>model</Filter>
    </ClInclude>
    <ClInclude Include="src\model\Decoder\ObjModelDecoder.h">
      <Filter>model\Decoder</Filter>
    </ClInclude>
    <ClInclude Include="src\model\Vertex\IVertexData.h">
      <Filter>model\Vertex</Filter>
    </ClInclude>
    <ClInclude Include="src\model\Vertex\IVertexLayout.h">
      <Filter>model\Vertex</Filter>
    </ClInclude>
    <ClInclude Include="src\model\ModelUploader.h">
      <Filter>model</Filter>
    </ClInclude>
    <ClInclude Include="src\model\Vertex\ObjVertexData.h">
      <Filter>model\Vertex</Filter>
    </ClInclude>
    <ClInclude Include="src\model\Decoder\IModelDecoder.h">
      <Filter>model\Decoder</Filter>
    </ClInclude>
    <ClInclude Include="src\model\Vertex\GltfVertexData.h">
      <Filter>model\Vertex</Filter>
    </ClInclude>
    <ClInclude Include="src\render\PassTarget.h">
      <Filter>render</Filter>
    </ClInclude>
    <ClInclude Include="src\render\FrameRenderer.h">
      <Filter>render</Filter>
    </ClInclude>
    <ClInclude Include="src\render\GlobalRenderSystemBuilder.h">
      <Filter>render</Filter>
    </ClInclude>
    <ClInclude Include="src\render\RenderPasses\BaseRenderPass.h">
      <Filter>render\RenderPasses</Filter>
    </ClInclude>
    <ClInclude Include="src\render\RenderPasses\ColorPass.h">
      <Filter>render\RenderPasses</Filter>
    </ClInclude>
    <ClInclude Include="src\render\RenderPasses\DepthPass.h">
      <Filter>render\RenderPasses</Filter>
    </ClInclude>
    <ClInclude Include="src\render\RenderPasses\PostProPass.h">
      <Filter>render\RenderPasses</Filter>
    </ClInclude>
    <ClInclude Include="src\base\ComputePipeline.h">
      <Filter>base</Filter>
    </ClInclude>
  </ItemGroup>
  <ItemGroup>
    <None Include="shaders\compile.bat">
      <Filter>shaders</Filter>
    </None>
    <None Include="shaders\depthView.frag">
      <Filter>shaders</Filter>
    </None>
    <None Include="shaders\depthView.vert">
      <Filter>shaders</Filter>
    </None>
    <None Include="shaders\GlTFshader.frag">
      <Filter>shaders</Filter>
    </None>
    <None Include="shaders\GlTFshader.vert">
      <Filter>shaders</Filter>
    </None>
    <None Include="shaders\point_light.frag">
      <Filter>shaders</Filter>
    </None>
    <None Include="shaders\point_light.vert">
      <Filter>shaders</Filter>
    </None>
    <None Include="shaders\shadowmap.vert">
      <Filter>shaders</Filter>
    </None>
    <None Include="shaders\shadowmapgltf.vert">
      <Filter>shaders</Filter>
    </None>
    <None Include="shaders\simple_shader.frag">
      <Filter>shaders</Filter>
    </None>
    <None Include="shaders\simple_shader.vert">
      <Filter>shaders</Filter>
    </None>
    <None Include="shaders\text.frag">
      <Filter>shaders</Filter>
    </None>
    <None Include="shaders\text.vert">
      <Filter>shaders</Filter>
    </None>
    <None Include="shaders\skybox.vert">
      <Filter>shaders</Filter>
    </None>
    <None Include="shaders\skybox.frag">
      <Filter>shaders</Filter>
    </None>
    <None Include="shaders\terrainShader.frag">
      <Filter>shaders</Filter>
    </None>
    <None Include="shaders\terrainShader.vert">
      <Filter>shaders</Filter>
    </None>
    <None Include="shaders\global_ubo.minc">
      <Filter>shaders</Filter>
    </None>
    <None Include="shaders\simple_shader.mfrag">
      <Filter>shaders</Filter>
    </None>
    <None Include="shaders\fullscreen.vert">
      <Filter>shaders</Filter>
    </None>
    <None Include="shaders\equirectangular_to_cube.frag">
      <Filter>shaders</Filter>
    </None>
    <None Include="shaders\testRed.frag">
      <Filter>shaders</Filter>
    </None>
    <None Include="shaders\test.vert">
      <Filter>shaders</Filter>
    </None>
    <None Include="shaders\shadowMapTerrain.vert">
      <Filter>shaders</Filter>
    </None>
    <None Include="shaders\PostProShader.frag">
      <Filter>shaders</Filter>
    </None>
  </ItemGroup>
</Project>